
Microsoft Visual Studio Solution File, Format Version 12.00
# Visual Studio Version 16
VisualStudioVersion = 16.0.30717.126
MinimumVisualStudioVersion = 10.0.40219.1
Project("{FAE04EC0-301F-11D3-BF4B-00C04F79EFBC}") = "TextChange", "TextChange\TextChange.csproj", "{7EA44035-7309-4174-BEB0-1DAA9B1F9255}"
EndProject
Global
	GlobalSection(SolutionConfigurationPlatforms) = preSolution
		Debug|Any CPU = Debug|Any CPU
		Release|Any CPU = Release|Any CPU
	EndGlobalSection
	GlobalSection(ProjectConfigurationPlatforms) = postSolution
		{7EA44035-7309-4174-BEB0-1DAA9B1F9255}.Debug|Any CPU.ActiveCfg = Debug|Any CPU
		{7EA44035-7309-4174-BEB0-1DAA9B1F9255}.Debug|Any CPU.Build.0 = Debug|Any CPU
		{7EA44035-7309-4174-BEB0-1DAA9B1F9255}.Release|Any CPU.ActiveCfg = Release|Any CPU
		{7EA44035-7309-4174-BEB0-1DAA9B1F9255}.Release|Any CPU.Build.0 = Release|Any CPU
	EndGlobalSection
	GlobalSection(SolutionProperties) = preSolution
		HideSolutionNode = FALSE
	EndGlobalSection
	GlobalSection(ExtensibilityGlobals) = postSolution
		SolutionGuid = {B91EB868-458D-4BEA-B276-FE67E01B5AC4}
	EndGlobalSection
EndGlobal
